
Microsoft Visual Studio Solution File, Format Version 12.00
# Visual Studio 15
VisualStudioVersion = 15.0.28010.2036
MinimumVisualStudioVersion = 10.0.40219.1
Project("{FAE04EC0-301F-11D3-BF4B-00C04F79EFBC}") = "_Gallery", "_Gallery\_Gallery.csproj", "{7E6E4D56-BEF9-4741-8BA9-63FC3D958D3D}"
EndProject
Global
	GlobalSection(SolutionConfigurationPlatforms) = preSolution
		Debug|Any CPU = Debug|Any CPU
		Release|Any CPU = Release|Any CPU
	EndGlobalSection
	GlobalSection(ProjectConfigurationPlatforms) = postSolution
		{7E6E4D56-BEF9-4741-8BA9-63FC3D958D3D}.Debug|Any CPU.ActiveCfg = Debug|Any CPU
		{7E6E4D56-BEF9-4741-8BA9-63FC3D958D3D}.Debug|Any CPU.Build.0 = Debug|Any CPU
		{7E6E4D56-BEF9-4741-8BA9-63FC3D958D3D}.Release|Any CPU.ActiveCfg = Release|Any CPU
		{7E6E4D56-BEF9-4741-8BA9-63FC3D958D3D}.Release|Any CPU.Build.0 = Release|Any CPU
	EndGlobalSection
	GlobalSection(SolutionProperties) = preSolution
		HideSolutionNode = FALSE
	EndGlobalSection
	GlobalSection(ExtensibilityGlobals) = postSolution
		SolutionGuid = {00C088B2-71ED-4730-A2BF-99313D4AA84D}
	EndGlobalSection
EndGlobal
